github.com/goccy/go-yaml v1.18.0 h1:8W7wMFS12Pcas7KU+VVkaiCng+kG8QiFeFwzFb+rwuw=
github.com/goccy/go-yaml v1.18.0/go.mod h1:XBurs7gK8ATbW4ZPGKgcbrY1Br56PdM69F7LkFRi1kA=
github.com/nsupc/eurogo v0.3.0 h1:R8jJxuytIYYA4LwLUUO04SHmYTavB/d/OhiRzTdBqvs=
github.com/nsupc/eurogo v0.3.0/go.mod h1:QDo2KU/v4VCtHHFCnkYjtOhr78bJtGXSa1oURKth/ck=
github.com/samber/lo v1.47.0 h1:z7RynLwP5nbyRscyvcD043DWYoOcYRv3mV8lBeqOCLc=
github.com/samber/lo v1.47.0/go.mod h1:RmDH9Ct32Qy3gduHQuKJ3gW1fMHAnE/fAzQuf6He5cU=
github.com/samber/slog-betterstack v1.4.2 h1:jeJpO5oDFmySzL6bhv77rYsryIOA9CJfSAKhAJLBp/Q=
github.com/samber/slog-betterstack v1.4.2/go.mod h1:zteu9ahPm7AqHP3j+cniJZaajEuRpS4bpRw554Z1MPM=
github.com/samber/slog-common v0.18.1 h1:c0EipD/nVY9HG5shgm/XAs67mgpWDMF+MmtptdJNCkQ=
github.com/samber/slog-common v0.18.1/go.mod h1:QNZiNGKakvrfbJ2YglQXLCZauzkI9xZBjOhWFKS3IKk=
github.com/tmaxmax/go-sse v0.10.0 h1:j9F93WB4Hxt8wUf6oGffMm4dutALvUPoDDxfuDQOSqA=
github.com/tmaxmax/go-sse v0.10.0/go.mod h1:u/2kZQR1tyngo1lKaNCj1mJmhXGZWS1Zs5yiSOD+Eg8=
golang.org/x/text v0.16.0 h1:a94ExnEXNtEwYLGJSIUxnWoxoRz/ZcCsV63ROupILh4=
golang.org/x/text v0.16.0/go.mod h1:GhwF1Be+LQoKShO3cGOHzqOgRrGaYc9AvblQOmPVHnI=
